
Microsoft Visual Studio Solution File, Format Version 12.00
# Visual Studio 15
VisualStudioVersion = 15.0.28307.329
MinimumVisualStudioVersion = 10.0.40219.1
Project("{FAE04EC0-301F-11D3-BF4B-00C04F79EFBC}") = "Lab17TDD", "Lab17TDD\Lab17TDD.csproj", "{A69BEEC6-2EED-4999-B40A-B85E2885FB06}"
EndProject
Global
	GlobalSection(SolutionConfigurationPlatforms) = preSolution
		Debug|Any CPU = Debug|Any CPU
		Release|Any CPU = Release|Any CPU
	EndGlobalSection
	GlobalSection(ProjectConfigurationPlatforms) = postSolution
		{A69BEEC6-2EED-4999-B40A-B85E2885FB06}.Debug|Any CPU.ActiveCfg = Debug|Any CPU
		{A69BEEC6-2EED-4999-B40A-B85E2885FB06}.Debug|Any CPU.Build.0 = Debug|Any CPU
		{A69BEEC6-2EED-4999-B40A-B85E2885FB06}.Release|Any CPU.ActiveCfg = Release|Any CPU
		{A69BEEC6-2EED-4999-B40A-B85E2885FB06}.Release|Any CPU.Build.0 = Release|Any CPU
	EndGlobalSection
	GlobalSection(SolutionProperties) = preSolution
		HideSolutionNode = FALSE
	EndGlobalSection
	GlobalSection(ExtensibilityGlobals) = postSolution
		SolutionGuid = {83AF9E20-1C76-4756-A0BF-922B0FE0C326}
	EndGlobalSection
EndGlobal
